
Microsoft Visual Studio Solution File, Format Version 12.00
# Visual Studio Version 17
VisualStudioVersion = 17.3.32922.545
MinimumVisualStudioVersion = 10.0.40219.1
Project("{9A19103F-16F7-4668-BE54-9A1E7A4F7556}") = "ServerExample.App", "ServerExample\ServerExample.App.csproj", "{7C4AD474-8BC3-4AC4-9F5B-00CD4E9FD871}"
	ProjectSection(ProjectDependencies) = postProject
		{1A009B23-1B95-47CE-BEC9-E5787C867355} = {1A009B23-1B95-47CE-BEC9-E5787C867355}
	EndProjectSection
EndProject
Project("{9A19103F-16F7-4668-BE54-9A1E7A4F7556}") = "ServerExample.DataAccess", "ServerExample.DataAccess\ServerExample.DataAccess.csproj", "{B4E57C2E-CA73-427A-AC97-A4236AC3C4DF}"
EndProject
Project("{9A19103F-16F7-4668-BE54-9A1E7A4F7556}") = "ServerExample.Contracts", "ServerExample.Contracts\ServerExample.Contracts.csproj", "{E68DB3F1-E67B-4134-BEB0-BFD3906B0A6E}"
EndProject
Project("{9A19103F-16F7-4668-BE54-9A1E7A4F7556}") = "ServerExample.Infrustructure", "ServerExample.Infrustructure\ServerExample.Infrustructure.csproj", "{1A009B23-1B95-47CE-BEC9-E5787C867355}"
EndProject
Project("{FAE04EC0-301F-11D3-BF4B-00C04F79EFBC}") = "Schemas", "Schemas\Schemas.csproj", "{992C4256-6C20-48CA-85D1-440B94FC7D5F}"
EndProject
Global
	GlobalSection(SolutionConfigurationPlatforms) = preSolution
		Debug|Any CPU = Debug|Any CPU
		Release|Any CPU = Release|Any CPU
	EndGlobalSection
	GlobalSection(ProjectConfigurationPlatforms) = postSolution
		{7C4AD474-8BC3-4AC4-9F5B-00CD4E9FD871}.Debug|Any CPU.ActiveCfg = Debug|Any CPU
		{7C4AD474-8BC3-4AC4-9F5B-00CD4E9FD871}.Debug|Any CPU.Build.0 = Debug|Any CPU
		{7C4AD474-8BC3-4AC4-9F5B-00CD4E9FD871}.Release|Any CPU.ActiveCfg = Release|Any CPU
		{7C4AD474-8BC3-4AC4-9F5B-00CD4E9FD871}.Release|Any CPU.Build.0 = Release|Any CPU
		{B4E57C2E-CA73-427A-AC97-A4236AC3C4DF}.Debug|Any CPU.ActiveCfg = Debug|Any CPU
		{B4E57C2E-CA73-427A-AC97-A4236AC3C4DF}.Debug|Any CPU.Build.0 = Debug|Any CPU
		{B4E57C2E-CA73-427A-AC97-A4236AC3C4DF}.Release|Any CPU.ActiveCfg = Release|Any CPU
		{B4E57C2E-CA73-427A-AC97-A4236AC3C4DF}.Release|Any CPU.Build.0 = Release|Any CPU
		{E68DB3F1-E67B-4134-BEB0-BFD3906B0A6E}.Debug|Any CPU.ActiveCfg = Debug|Any CPU
		{E68DB3F1-E67B-4134-BEB0-BFD3906B0A6E}.Debug|Any CPU.Build.0 = Debug|Any CPU
		{E68DB3F1-E67B-4134-BEB0-BFD3906B0A6E}.Release|Any CPU.ActiveCfg = Release|Any CPU
		{E68DB3F1-E67B-4134-BEB0-BFD3906B0A6E}.Release|Any CPU.Build.0 = Release|Any CPU
		{1A009B23-1B95-47CE-BEC9-E5787C867355}.Debug|Any CPU.ActiveCfg = Debug|Any CPU
		{1A009B23-1B95-47CE-BEC9-E5787C867355}.Debug|Any CPU.Build.0 = Debug|Any CPU
		{1A009B23-1B95-47CE-BEC9-E5787C867355}.Release|Any CPU.ActiveCfg = Release|Any CPU
		{1A009B23-1B95-47CE-BEC9-E5787C867355}.Release|Any CPU.Build.0 = Release|Any CPU
		{992C4256-6C20-48CA-85D1-440B94FC7D5F}.Debug|Any CPU.ActiveCfg = Debug|Any CPU
		{992C4256-6C20-48CA-85D1-440B94FC7D5F}.Debug|Any CPU.Build.0 = Debug|Any CPU
		{992C4256-6C20-48CA-85D1-440B94FC7D5F}.Release|Any CPU.ActiveCfg = Release|Any CPU
		{992C4256-6C20-48CA-85D1-440B94FC7D5F}.Release|Any CPU.Build.0 = Release|Any CPU
	EndGlobalSection
	GlobalSection(SolutionProperties) = preSolution
		HideSolutionNode = FALSE
	EndGlobalSection
	GlobalSection(ExtensibilityGlobals) = postSolution
		SolutionGuid = {0BD48EA0-BDF9-4B0F-9D7D-43CA13C0EF4E}
	EndGlobalSection
EndGlobal
